// !$*UTF8*$!
{
	archiveVersion = 1;
	classes = {
	};
	objectVersion = 51;
	objects = {

/* Begin PBXBuildFile section */
		9671FC7C25C6F438002B8412 /* LocationManager.swift in Sources */ = {isa = PBXBuildFile; fileRef = 9671FC7B25C6F438002B8412 /* LocationManager.swift */; };
		96A3CA8225C4FF5300A719C5 /* SwiftExplorerApp.swift in Sources */ = {isa = PBXBuildFile; fileRef = 96A3CA8125C4FF5300A719C5 /* SwiftExplorerApp.swift */; };
		96A3CA8425C4FF5300A719C5 /* ContentView.swift in Sources */ = {isa = PBXBuildFile; fileRef = 96A3CA8325C4FF5300A719C5 /* ContentView.swift */; };
		96A3CA8625C4FF5400A719C5 /* Assets.xcassets in Resources */ = {isa = PBXBuildFile; fileRef = 96A3CA8525C4FF5400A719C5 /* Assets.xcassets */; };
		96A3CA8925C4FF5400A719C5 /* Preview Assets.xcassets in Resources */ = {isa = PBXBuildFile; fileRef = 96A3CA8825C4FF5400A719C5 /* Preview Assets.xcassets */; };
		96A3CA9725C50E1200A719C5 /* SwiftExplorerAppDelegate.swift in Sources */ = {isa = PBXBuildFile; fileRef = 96A3CA9625C50E1200A719C5 /* SwiftExplorerAppDelegate.swift */; };
		96A3CAA025C5117500A719C5 /* GoogleMapsView.swift in Sources */ = {isa = PBXBuildFile; fileRef = 96A3CA9F25C5117500A719C5 /* GoogleMapsView.swift */; };
		96F057D325C9BEB900542417 /* LeftMenuView.swift in Sources */ = {isa = PBXBuildFile; fileRef = 96F057D225C9BEB900542417 /* LeftMenuView.swift */; };
		96F057D625C9BEFC00542417 /* LeftMenuHeaderView.swift in Sources */ = {isa = PBXBuildFile; fileRef = 96F057D525C9BEFC00542417 /* LeftMenuHeaderView.swift */; };
		96F057D925C9BF6000542417 /* LeftMenuOptionView.swift in Sources */ = {isa = PBXBuildFile; fileRef = 96F057D825C9BF6000542417 /* LeftMenuOptionView.swift */; };
		96F057DC25C9BFA900542417 /* LeftMenuViewModel.swift in Sources */ = {isa = PBXBuildFile; fileRef = 96F057DB25C9BFA900542417 /* LeftMenuViewModel.swift */; };
		96F057E525C9E34900542417 /* Members.swift in Sources */ = {isa = PBXBuildFile; fileRef = 96F057E425C9E34900542417 /* Members.swift */; };
		ED51DDA70B0CDB6204676A9A /* Pods_SwiftExplorer.framework in Frameworks */ = {isa = PBXBuildFile; fileRef = 997BA62798755F4C82F18CED /* Pods_SwiftExplorer.framework */; };
/* End PBXBuildFile section */

/* Begin PBXFileReference section */
		823479B78B5778E2905AA712 /* Pods-SwiftExplorer.debug.xcconfig */ = {isa = PBXFileReference; includeInIndex = 1; lastKnownFileType = text.xcconfig; name = "Pods-SwiftExplorer.debug.xcconfig"; path = "Target Support Files/Pods-SwiftExplorer/Pods-SwiftExplorer.debug.xcconfig"; sourceTree = "<group>"; };
		9671FC7B25C6F438002B8412 /* LocationManager.swift */ = {isa = PBXFileReference; fileEncoding = 4; lastKnownFileType = sourcecode.swift; path = LocationManager.swift; sourceTree = "<group>"; };
		96A3CA7E25C4FF5300A719C5 /* SwiftExplorer.app */ = {isa = PBXFileReference; explicitFileType = wrapper.application; includeInIndex = 0; path = SwiftExplorer.app; sourceTree = BUILT_PRODUCTS_DIR; };
		96A3CA8125C4FF5300A719C5 /* SwiftExplorerApp.swift */ = {isa = PBXFileReference; lastKnownFileType = sourcecode.swift; path = SwiftExplorerApp.swift; sourceTree = "<group>"; };
		96A3CA8325C4FF5300A719C5 /* ContentView.swift */ = {isa = PBXFileReference; lastKnownFileType = sourcecode.swift; path = ContentView.swift; sourceTree = "<group>"; };
		96A3CA8525C4FF5400A719C5 /* Assets.xcassets */ = {isa = PBXFileReference; lastKnownFileType = folder.assetcatalog; path = Assets.xcassets; sourceTree = "<group>"; };
		96A3CA8825C4FF5400A719C5 /* Preview Assets.xcassets */ = {isa = PBXFileReference; lastKnownFileType = folder.assetcatalog; path = "Preview Assets.xcassets"; sourceTree = "<group>"; };
		96A3CA8A25C4FF5400A719C5 /* Info.plist */ = {isa = PBXFileReference; lastKnownFileType = text.plist.xml; path = Info.plist; sourceTree = "<group>"; };
		96A3CA9625C50E1200A719C5 /* SwiftExplorerAppDelegate.swift */ = {isa = PBXFileReference; lastKnownFileType = sourcecode.swift; path = SwiftExplorerAppDelegate.swift; sourceTree = "<group>"; };
		96A3CA9F25C5117500A719C5 /* GoogleMapsView.swift */ = {isa = PBXFileReference; lastKnownFileType = sourcecode.swift; path = GoogleMapsView.swift; sourceTree = "<group>"; };
		96F057D225C9BEB900542417 /* LeftMenuView.swift */ = {isa = PBXFileReference; lastKnownFileType = sourcecode.swift; path = LeftMenuView.swift; sourceTree = "<group>"; };
		96F057D525C9BEFC00542417 /* LeftMenuHeaderView.swift */ = {isa = PBXFileReference; lastKnownFileType = sourcecode.swift; path = LeftMenuHeaderView.swift; sourceTree = "<group>"; };
		96F057D825C9BF6000542417 /* LeftMenuOptionView.swift */ = {isa = PBXFileReference; lastKnownFileType = sourcecode.swift; path = LeftMenuOptionView.swift; sourceTree = "<group>"; };
		96F057DB25C9BFA900542417 /* LeftMenuViewModel.swift */ = {isa = PBXFileReference; lastKnownFileType = sourcecode.swift; path = LeftMenuViewModel.swift; sourceTree = "<group>"; };
		96F057E425C9E34900542417 /* Members.swift */ = {isa = PBXFileReference; lastKnownFileType = sourcecode.swift; path = Members.swift; sourceTree = "<group>"; };
		997BA62798755F4C82F18CED /* Pods_SwiftExplorer.framework */ = {isa = PBXFileReference; explicitFileType = wrapper.framework; includeInIndex = 0; path = Pods_SwiftExplorer.framework; sourceTree = BUILT_PRODUCTS_DIR; };
		D51825F1115825FAC029187C /* Pods-SwiftExplorer.release.xcconfig */ = {isa = PBXFileReference; includeInIndex = 1; lastKnownFileType = text.xcconfig; name = "Pods-SwiftExplorer.release.xcconfig"; path = "Target Support Files/Pods-SwiftExplorer/Pods-SwiftExplorer.release.xcconfig"; sourceTree = "<group>"; };
/* End PBXFileReference section */

/* Begin PBXFrameworksBuildPhase section */
		96A3CA7B25C4FF5300A719C5 /* Frameworks */ = {
			isa = PBXFrameworksBuildPhase;
			buildActionMask = 2147483647;
			files = (
				ED51DDA70B0CDB6204676A9A /* Pods_SwiftExplorer.framework in Frameworks */,
			);
			runOnlyForDeploymentPostprocessing = 0;
		};
/* End PBXFrameworksBuildPhase section */

/* Begin PBXGroup section */
		96A3CA7525C4FF5300A719C5 = {
			isa = PBXGroup;
			children = (
				96A3CA8025C4FF5300A719C5 /* SwiftExplorer */,
				96A3CA7F25C4FF5300A719C5 /* Products */,
				E78ADE9D0C16CDDE3CAD62F4 /* Pods */,
				99B6EC00730BAF937167056A /* Frameworks */,
			);
			sourceTree = "<group>";
		};
		96A3CA7F25C4FF5300A719C5 /* Products */ = {
			isa = PBXGroup;
			children = (
				96A3CA7E25C4FF5300A719C5 /* SwiftExplorer.app */,
			);
			name = Products;
			sourceTree = "<group>";
		};
		96A3CA8025C4FF5300A719C5 /* SwiftExplorer */ = {
			isa = PBXGroup;
			children = (
				96F057E225C9CA0A00542417 /* Models */,
				96F057E025C9C0FF00542417 /* Views */,
				96A3CA8125C4FF5300A719C5 /* SwiftExplorerApp.swift */,
				96A3CA9625C50E1200A719C5 /* SwiftExplorerAppDelegate.swift */,
				96A3CA8325C4FF5300A719C5 /* ContentView.swift */,
				96A3CA9F25C5117500A719C5 /* GoogleMapsView.swift */,
				9671FC7B25C6F438002B8412 /* LocationManager.swift */,
				96A3CA8525C4FF5400A719C5 /* Assets.xcassets */,
				96A3CA8A25C4FF5400A719C5 /* Info.plist */,
				96A3CA8725C4FF5400A719C5 /* Preview Content */,
			);
			path = SwiftExplorer;
			sourceTree = "<group>";
		};
		96A3CA8725C4FF5400A719C5 /* Preview Content */ = {
			isa = PBXGroup;
			children = (
				96A3CA8825C4FF5400A719C5 /* Preview Assets.xcassets */,
			);
			path = "Preview Content";
			sourceTree = "<group>";
		};
		96F057E025C9C0FF00542417 /* Views */ = {
			isa = PBXGroup;
			children = (
				96F057D225C9BEB900542417 /* LeftMenuView.swift */,
				96F057D525C9BEFC00542417 /* LeftMenuHeaderView.swift */,
				96F057D825C9BF6000542417 /* LeftMenuOptionView.swift */,
			);
			path = Views;
			sourceTree = "<group>";
		};
		96F057E225C9CA0A00542417 /* Models */ = {
			isa = PBXGroup;
			children = (
				96F057DB25C9BFA900542417 /* LeftMenuViewModel.swift */,
				96F057E425C9E34900542417 /* Members.swift */,
			);
			path = Models;
			sourceTree = "<group>";
		};
		99B6EC00730BAF937167056A /* Frameworks */ = {
			isa = PBXGroup;
			children = (
				997BA62798755F4C82F18CED /* Pods_SwiftExplorer.framework */,
			);
			name = Frameworks;
			sourceTree = "<group>";
		};
		E78ADE9D0C16CDDE3CAD62F4 /* Pods */ = {
			isa = PBXGroup;
			children = (
				823479B78B5778E2905AA712 /* Pods-SwiftExplorer.debug.xcconfig */,
				D51825F1115825FAC029187C /* Pods-SwiftExplorer.release.xcconfig */,
			);
			path = Pods;
			sourceTree = "<group>";
		};
/* End PBXGroup section */

/* Begin PBXNativeTarget section */
		96A3CA7D25C4FF5300A719C5 /* SwiftExplorer */ = {
			isa = PBXNativeTarget;
			buildConfigurationList = 96A3CA8D25C4FF5400A719C5 /* Build configuration list for PBXNativeTarget "SwiftExplorer" */;
			buildPhases = (
				E1212AD7AA5D33AD25E7D670 /* [CP] Check Pods Manifest.lock */,
				96A3CA7A25C4FF5300A719C5 /* Sources */,
				96A3CA7B25C4FF5300A719C5 /* Frameworks */,
				96A3CA7C25C4FF5300A719C5 /* Resources */,
				5DC063C432617FEDEAF8F8F6 /* [CP] Copy Pods Resources */,
			);
			buildRules = (
			);
			dependencies = (
			);
			name = SwiftExplorer;
			productName = SwiftExplorer;
			productReference = 96A3CA7E25C4FF5300A719C5 /* SwiftExplorer.app */;
			productType = "com.apple.product-type.application";
		};
/* End PBXNativeTarget section */

/* Begin PBXProject section */
		96A3CA7625C4FF5300A719C5 /* Project object */ = {
			isa = PBXProject;
			attributes = {
				LastSwiftUpdateCheck = 1240;
				LastUpgradeCheck = 1240;
				TargetAttributes = {
					96A3CA7D25C4FF5300A719C5 = {
						CreatedOnToolsVersion = 12.4;
					};
				};
			};
			buildConfigurationList = 96A3CA7925C4FF5300A719C5 /* Build configuration list for PBXProject "SwiftExplorer" */;
			compatibilityVersion = "Xcode 9.3";
			developmentRegion = en;
			hasScannedForEncodings = 0;
			knownRegions = (
				en,
				Base,
			);
			mainGroup = 96A3CA7525C4FF5300A719C5;
			productRefGroup = 96A3CA7F25C4FF5300A719C5 /* Products */;
			projectDirPath = "";
			projectRoot = "";
			targets = (
				96A3CA7D25C4FF5300A719C5 /* SwiftExplorer */,
			);
		};
/* End PBXProject section */

/* Begin PBXResourcesBuildPhase section */
		96A3CA7C25C4FF5300A719C5 /* Resources */ = {
			isa = PBXResourcesBuildPhase;
			buildActionMask = 2147483647;
			files = (
				96A3CA8925C4FF5400A719C5 /* Preview Assets.xcassets in Resources */,
				96A3CA8625C4FF5400A719C5 /* Assets.xcassets in Resources */,
			);
			runOnlyForDeploymentPostprocessing = 0;
		};
/* End PBXResourcesBuildPhase section */

/* Begin PBXShellScriptBuildPhase section */
		5DC063C432617FEDEAF8F8F6 /* [CP] Copy Pods Resources */ = {
			isa = PBXShellScriptBuildPhase;
			buildActionMask = 2147483647;
			files = (
			);
			inputFileListPaths = (
				"${PODS_ROOT}/Target Support Files/Pods-SwiftExplorer/Pods-SwiftExplorer-resources-${CONFIGURATION}-input-files.xcfilelist",
			);
			name = "[CP] Copy Pods Resources";
			outputFileListPaths = (
				"${PODS_ROOT}/Target Support Files/Pods-SwiftExplorer/Pods-SwiftExplorer-resources-${CONFIGURATION}-output-files.xcfilelist",
			);
			runOnlyForDeploymentPostprocessing = 0;
			shellPath = /bin/sh;
			shellScript = "\"${PODS_ROOT}/Target Support Files/Pods-SwiftExplorer/Pods-SwiftExplorer-resources.sh\"\n";
			showEnvVarsInLog = 0;
		};
		E1212AD7AA5D33AD25E7D670 /* [CP] Check Pods Manifest.lock */ = {
			isa = PBXShellScriptBuildPhase;
			buildActionMask = 2147483647;
			files = (
			);
			inputFileListPaths = (
			);
			inputPaths = (
				"${PODS_PODFILE_DIR_PATH}/Podfile.lock",
				"${PODS_ROOT}/Manifest.lock",
			);
			name = "[CP] Check Pods Manifest.lock";
			outputFileListPaths = (
			);
			outputPaths = (
				"$(DERIVED_FILE_DIR)/Pods-SwiftExplorer-checkManifestLockResult.txt",
			);
			runOnlyForDeploymentPostprocessing = 0;
			shellPath = /bin/sh;
			shellScript = "diff \"${PODS_PODFILE_DIR_PATH}/Podfile.lock\" \"${PODS_ROOT}/Manifest.lock\" > /dev/null\nif [ $? != 0 ] ; then\n    # print error to STDERR\n    echo \"error: The sandbox is not in sync with the Podfile.lock. Run 'pod install' or update your CocoaPods installation.\" >&2\n    exit 1\nfi\n# This output is used by Xcode 'outputs' to avoid re-running this script phase.\necho \"SUCCESS\" > \"${SCRIPT_OUTPUT_FILE_0}\"\n";
			showEnvVarsInLog = 0;
		};
/* End PBXShellScriptBuildPhase section */

/* Begin PBXSourcesBuildPhase section */
		96A3CA7A25C4FF5300A719C5 /* Sources */ = {
			isa = PBXSourcesBuildPhase;
			buildActionMask = 2147483647;
			files = (
				96F057D625C9BEFC00542417 /* LeftMenuHeaderView.swift in Sources */,
				96F057E525C9E34900542417 /* Members.swift in Sources */,
				96F057D325C9BEB900542417 /* LeftMenuView.swift in Sources */,
				96A3CAA025C5117500A719C5 /* GoogleMapsView.swift in Sources */,
				96A3CA8425C4FF5300A719C5 /* ContentView.swift in Sources */,
				96F057DC25C9BFA900542417 /* LeftMenuViewModel.swift in Sources */,
				9671FC7C25C6F438002B8412 /* LocationManager.swift in Sources */,
				96A3CA8225C4FF5300A719C5 /* SwiftExplorerApp.swift in Sources */,
				96A3CA9725C50E1200A719C5 /* SwiftExplorerAppDelegate.swift in Sources */,
				96F057D925C9BF6000542417 /* LeftMenuOptionView.swift in Sources */,
			);
			runOnlyForDeploymentPostprocessing = 0;
		};
/* End PBXSourcesBuildPhase section */

/* Begin XCBuildConfiguration section */
		96A3CA8B25C4FF5400A719C5 /* Debug */ = {
			isa = XCBuildConfiguration;
			buildSettings = {
				ALWAYS_SEARCH_USER_PATHS = NO;
				CLANG_ANALYZER_NONNULL = YES;
				CLANG_ANALYZER_NUMBER_OBJECT_CONVERSION = YES_AGGRESSIVE;
				CLANG_CXX_LANGUAGE_STANDARD = "gnu++14";
				CLANG_CXX_LIBRARY = "libc++";
				CLANG_ENABLE_MODULES = YES;
				CLANG_ENABLE_OBJC_ARC = YES;
				CLANG_ENABLE_OBJC_WEAK = YES;
				CLANG_WARN_BLOCK_CAPTURE_AUTORELEASING = YES;
				CLANG_WARN_BOOL_CONVERSION = YES;
				CLANG_WARN_COMMA = YES;
				CLANG_WARN_CONSTANT_CONVERSION = YES;
				CLANG_WARN_DEPRECATED_OBJC_IMPLEMENTATIONS = YES;
				CLANG_WARN_DIRECT_OBJC_ISA_USAGE = YES_ERROR;
				CLANG_WARN_DOCUMENTATION_COMMENTS = YES;
				CLANG_WARN_EMPTY_BODY = YES;
				CLANG_WARN_ENUM_CONVERSION = YES;
				CLANG_WARN_INFINITE_RECURSION = YES;
				CLANG_WARN_INT_CONVERSION = YES;
				CLANG_WARN_NON_LITERAL_NULL_CONVERSION = YES;
				CLANG_WARN_OBJC_IMPLICIT_RETAIN_SELF = YES;
				CLANG_WARN_OBJC_LITERAL_CONVERSION = YES;
				CLANG_WARN_OBJC_ROOT_CLASS = YES_ERROR;
				CLANG_WARN_QUOTED_INCLUDE_IN_FRAMEWORK_HEADER = YES;
				CLANG_WARN_RANGE_LOOP_ANALYSIS = YES;
				CLANG_WARN_STRICT_PROTOTYPES = YES;
				CLANG_WARN_SUSPICIOUS_MOVE = YES;
				CLANG_WARN_UNGUARDED_AVAILABILITY = YES_AGGRESSIVE;
				CLANG_WARN_UNREACHABLE_CODE = YES;
				CLANG_WARN__DUPLICATE_METHOD_MATCH = YES;
				COPY_PHASE_STRIP = NO;
				DEBUG_INFORMATION_FORMAT = dwarf;
				ENABLE_STRICT_OBJC_MSGSEND = YES;
				ENABLE_TESTABILITY = YES;
				GCC_C_LANGUAGE_STANDARD = gnu11;
				GCC_DYNAMIC_NO_PIC = NO;
				GCC_NO_COMMON_BLOCKS = YES;
				GCC_OPTIMIZATION_LEVEL = 0;
				GCC_PREPROCESSOR_DEFINITIONS = (
					"DEBUG=1",
					"$(inherited)",
				);
				GCC_WARN_64_TO_32_BIT_CONVERSION = YES;
				GCC_WARN_ABOUT_RETURN_TYPE = YES_ERROR;
				GCC_WARN_UNDECLARED_SELECTOR = YES;
				GCC_WARN_UNINITIALIZED_AUTOS = YES_AGGRESSIVE;
				GCC_WARN_UNUSED_FUNCTION = YES;
				GCC_WARN_UNUSED_VARIABLE = YES;
				IPHONEOS_DEPLOYMENT_TARGET = 14.4;
				MTL_ENABLE_DEBUG_INFO = INCLUDE_SOURCE;
				MTL_FAST_MATH = YES;
				ONLY_ACTIVE_ARCH = YES;
				SDKROOT = iphoneos;
				SWIFT_ACTIVE_COMPILATION_CONDITIONS = DEBUG;
				SWIFT_OPTIMIZATION_LEVEL = "-Onone";
			};
			name = Debug;
		};
		96A3CA8C25C4FF5400A719C5 /* Release */ = {
			isa = XCBuildConfiguration;
			buildSettings = {
				ALWAYS_SEARCH_USER_PATHS = NO;
				CLANG_ANALYZER_NONNULL = YES;
				CLANG_ANALYZER_NUMBER_OBJECT_CONVERSION = YES_AGGRESSIVE;
				CLANG_CXX_LANGUAGE_STANDARD = "gnu++14";
				CLANG_CXX_LIBRARY = "libc++";
				CLANG_ENABLE_MODULES = YES;
				CLANG_ENABLE_OBJC_ARC = YES;
				CLANG_ENABLE_OBJC_WEAK = YES;
				CLANG_WARN_BLOCK_CAPTURE_AUTORELEASING = YES;
				CLANG_WARN_BOOL_CONVERSION = YES;
				CLANG_WARN_COMMA = YES;
				CLANG_WARN_CONSTANT_CONVERSION = YES;
				CLANG_WARN_DEPRECATED_OBJC_IMPLEMENTATIONS = YES;
				CLANG_WARN_DIRECT_OBJC_ISA_USAGE = YES_ERROR;
				CLANG_WARN_DOCUMENTATION_COMMENTS = YES;
				CLANG_WARN_EMPTY_BODY = YES;
				CLANG_WARN_ENUM_CONVERSION = YES;
				CLANG_WARN_INFINITE_RECURSION = YES;
				CLANG_WARN_INT_CONVERSION = YES;
				CLANG_WARN_NON_LITERAL_NULL_CONVERSION = YES;
				CLANG_WARN_OBJC_IMPLICIT_RETAIN_SELF = YES;
				CLANG_WARN_OBJC_LITERAL_CONVERSION = YES;
				CLANG_WARN_OBJC_ROOT_CLASS = YES_ERROR;
				CLANG_WARN_QUOTED_INCLUDE_IN_FRAMEWORK_HEADER = YES;
				CLANG_WARN_RANGE_LOOP_ANALYSIS = YES;
				CLANG_WARN_STRICT_PROTOTYPES = YES;
				CLANG_WARN_SUSPICIOUS_MOVE = YES;
				CLANG_WARN_UNGUARDED_AVAILABILITY = YES_AGGRESSIVE;
				CLANG_WARN_UNREACHABLE_CODE = YES;
				CLANG_WARN__DUPLICATE_METHOD_MATCH = YES;
				COPY_PHASE_STRIP = NO;
				DEBUG_INFORMATION_FORMAT = "dwarf-with-dsym";
				ENABLE_NS_ASSERTIONS = NO;
				ENABLE_STRICT_OBJC_MSGSEND = YES;
				GCC_C_LANGUAGE_STANDARD = gnu11;
				GCC_NO_COMMON_BLOCKS = YES;
				GCC_WARN_64_TO_32_BIT_CONVERSION = YES;
				GCC_WARN_ABOUT_RETURN_TYPE = YES_ERROR;
				GCC_WARN_UNDECLARED_SELECTOR = YES;
				GCC_WARN_UNINITIALIZED_AUTOS = YES_AGGRESSIVE;
				GCC_WARN_UNUSED_FUNCTION = YES;
				GCC_WARN_UNUSED_VARIABLE = YES;
				IPHONEOS_DEPLOYMENT_TARGET = 14.4;
				MTL_ENABLE_DEBUG_INFO = NO;
				MTL_FAST_MATH = YES;
				SDKROOT = iphoneos;
				SWIFT_COMPILATION_MODE = wholemodule;
				SWIFT_OPTIMIZATION_LEVEL = "-O";
				VALIDATE_PRODUCT = YES;
			};
			name = Release;
		};
		96A3CA8E25C4FF5400A719C5 /* Debug */ = {
			isa = XCBuildConfiguration;
			baseConfigurationReference = 823479B78B5778E2905AA712 /* Pods-SwiftExplorer.debug.xcconfig */;
			buildSettings = {
				ASSETCATALOG_COMPILER_APPICON_NAME = AppIcon;
				ASSETCATALOG_COMPILER_GLOBAL_ACCENT_COLOR_NAME = AccentColor;
				CODE_SIGN_STYLE = Automatic;
				DEVELOPMENT_ASSET_PATHS = "\"SwiftExplorer/Preview Content\"";
				DEVELOPMENT_TEAM = 5PXM46LJJF;
				ENABLE_PREVIEWS = YES;
				INFOPLIST_FILE = SwiftExplorer/Info.plist;
				IPHONEOS_DEPLOYMENT_TARGET = 14.0;
				LD_RUNPATH_SEARCH_PATHS = (
					"$(inherited)",
					"@executable_path/Frameworks",
				);
				PRODUCT_BUNDLE_IDENTIFIER = PQR.SwiftExplorer;
				PRODUCT_NAME = "$(TARGET_NAME)";
				SWIFT_VERSION = 5.0;
				TARGETED_DEVICE_FAMILY = "1,2";
			};
			name = Debug;
		};
		96A3CA8F25C4FF5400A719C5 /* Release */ = {
			isa = XCBuildConfiguration;
			baseConfigurationReference = D51825F1115825FAC029187C /* Pods-SwiftExplorer.release.xcconfig */;
			buildSettings = {
				ASSETCATALOG_COMPILER_APPICON_NAME = AppIcon;
				ASSETCATALOG_COMPILER_GLOBAL_ACCENT_COLOR_NAME = AccentColor;
				CODE_SIGN_STYLE = Automatic;
				DEVELOPMENT_ASSET_PATHS = "\"SwiftExplorer/Preview Content\"";
				DEVELOPMENT_TEAM = 5PXM46LJJF;
				ENABLE_PREVIEWS = YES;
				INFOPLIST_FILE = SwiftExplorer/Info.plist;
				IPHONEOS_DEPLOYMENT_TARGET = 14.0;
				LD_RUNPATH_SEARCH_PATHS = (
					"$(inherited)",
					"@executable_path/Frameworks",
				);
				PRODUCT_BUNDLE_IDENTIFIER = PQR.SwiftExplorer;
				PRODUCT_NAME = "$(TARGET_NAME)";
				SWIFT_VERSION = 5.0;
				TARGETED_DEVICE_FAMILY = "1,2";
			};
			name = Release;
		};
/* End XCBuildConfiguration section */

/* Begin XCConfigurationList section */
		96A3CA7925C4FF5300A719C5 /* Build configuration list for PBXProject "SwiftExplorer" */ = {
			isa = XCConfigurationList;
			buildConfigurations = (
				96A3CA8B25C4FF5400A719C5 /* Debug */,
				96A3CA8C25C4FF5400A719C5 /* Release */,
			);
			defaultConfigurationIsVisible = 0;
			defaultConfigurationName = Release;
		};
		96A3CA8D25C4FF5400A719C5 /* Build configuration list for PBXNativeTarget "SwiftExplorer" */ = {
			isa = XCConfigurationList;
			buildConfigurations = (
				96A3CA8E25C4FF5400A719C5 /* Debug */,
				96A3CA8F25C4FF5400A719C5 /* Release */,
			);
			defaultConfigurationIsVisible = 0;
			defaultConfigurationName = Release;
		};
/* End XCConfigurationList section */
	};
	rootObject = 96A3CA7625C4FF5300A719C5 /* Project object */;
}
